
Microsoft Visual Studio Solution File, Format Version 12.00
# Visual Studio 15
VisualStudioVersion = 15.0.27428.2002
MinimumVisualStudioVersion = 10.0.40219.1
Project("{2150E333-8FDC-42A3-9474-1A3956D46DE8}") = "src", "src", "{91508671-5E29-42AD-9BD1-EDEDC1C4B9D4}"
EndProject
Project("{9A19103F-16F7-4668-BE54-9A1E7A4F7556}") = "TplExperiments", "src\TplExperiments\TplExperiments.csproj", "{F818E86C-1EAE-4132-B11E-21114F10EAE3}"
EndProject
Global
	GlobalSection(SolutionConfigurationPlatforms) = preSolution
		Debug|Any CPU = Debug|Any CPU
		Release|Any CPU = Release|Any CPU
	EndGlobalSection
	GlobalSection(ProjectConfigurationPlatforms) = postSolution
		{F818E86C-1EAE-4132-B11E-21114F10EAE3}.Debug|Any CPU.ActiveCfg = Debug|Any CPU
		{F818E86C-1EAE-4132-B11E-21114F10EAE3}.Debug|Any CPU.Build.0 = Debug|Any CPU
		{F818E86C-1EAE-4132-B11E-21114F10EAE3}.Release|Any CPU.ActiveCfg = Release|Any CPU
		{F818E86C-1EAE-4132-B11E-21114F10EAE3}.Release|Any CPU.Build.0 = Release|Any CPU
	EndGlobalSection
	GlobalSection(SolutionProperties) = preSolution
		HideSolutionNode = FALSE
	EndGlobalSection
	GlobalSection(NestedProjects) = preSolution
		{F818E86C-1EAE-4132-B11E-21114F10EAE3} = {91508671-5E29-42AD-9BD1-EDEDC1C4B9D4}
	EndGlobalSection
	GlobalSection(ExtensibilityGlobals) = postSolution
		SolutionGuid = {A4286D21-8E67-4E45-A26F-F9831E1B6902}
	EndGlobalSection
EndGlobal
