
Microsoft Visual Studio Solution File, Format Version 12.00
# Visual Studio 15
VisualStudioVersion = 15.0.27130.2020
MinimumVisualStudioVersion = 10.0.40219.1
Project("{2150E333-8FDC-42A3-9474-1A3956D46DE8}") = "src", "src", "{91508671-5E29-42AD-9BD1-EDEDC1C4B9D4}"
EndProject
Project("{9A19103F-16F7-4668-BE54-9A1E7A4F7556}") = "TplExperiments.Benchmarks", "src\TplExperiments.Benchmarks\TplExperiments.Benchmarks.csproj", "{0352DD23-38E8-4A4E-9028-57569A4315B0}"
EndProject
Project("{9A19103F-16F7-4668-BE54-9A1E7A4F7556}") = "TplExperiments.LearningTests", "src\TplExperiments.LearningTests\TplExperiments.LearningTests.csproj", "{CEBC3729-39D6-423A-9FFC-2A58EE9D1072}"
EndProject
Global
	GlobalSection(SolutionConfigurationPlatforms) = preSolution
		Debug|Any CPU = Debug|Any CPU
		Release|Any CPU = Release|Any CPU
	EndGlobalSection
	GlobalSection(ProjectConfigurationPlatforms) = postSolution
		{0352DD23-38E8-4A4E-9028-57569A4315B0}.Debug|Any CPU.ActiveCfg = Debug|Any CPU
		{0352DD23-38E8-4A4E-9028-57569A4315B0}.Debug|Any CPU.Build.0 = Debug|Any CPU
		{0352DD23-38E8-4A4E-9028-57569A4315B0}.Release|Any CPU.ActiveCfg = Release|Any CPU
		{0352DD23-38E8-4A4E-9028-57569A4315B0}.Release|Any CPU.Build.0 = Release|Any CPU
		{CEBC3729-39D6-423A-9FFC-2A58EE9D1072}.Debug|Any CPU.ActiveCfg = Debug|Any CPU
		{CEBC3729-39D6-423A-9FFC-2A58EE9D1072}.Debug|Any CPU.Build.0 = Debug|Any CPU
		{CEBC3729-39D6-423A-9FFC-2A58EE9D1072}.Release|Any CPU.ActiveCfg = Release|Any CPU
		{CEBC3729-39D6-423A-9FFC-2A58EE9D1072}.Release|Any CPU.Build.0 = Release|Any CPU
	EndGlobalSection
	GlobalSection(SolutionProperties) = preSolution
		HideSolutionNode = FALSE
	EndGlobalSection
	GlobalSection(NestedProjects) = preSolution
		{0352DD23-38E8-4A4E-9028-57569A4315B0} = {91508671-5E29-42AD-9BD1-EDEDC1C4B9D4}
		{CEBC3729-39D6-423A-9FFC-2A58EE9D1072} = {91508671-5E29-42AD-9BD1-EDEDC1C4B9D4}
	EndGlobalSection
	GlobalSection(ExtensibilityGlobals) = postSolution
		SolutionGuid = {A4286D21-8E67-4E45-A26F-F9831E1B6902}
	EndGlobalSection
EndGlobal
